
Microsoft Visual Studio Solution File, Format Version 12.00
# Visual Studio Version 17
VisualStudioVersion = 17.3.32901.215
MinimumVisualStudioVersion = 10.0.40219.1
Project("{FAE04EC0-301F-11D3-BF4B-00C04F79EFBC}") = "MaVideotheque", "MaVideotheque.csproj", "{B0F44A5D-12CE-4CEE-ADE3-492F2A93001F}"
EndProject
Global
	GlobalSection(SolutionConfigurationPlatforms) = preSolution
		Debug|Any CPU = Debug|Any CPU
		Release|Any CPU = Release|Any CPU
	EndGlobalSection
	GlobalSection(ProjectConfigurationPlatforms) = postSolution
		{B0F44A5D-12CE-4CEE-ADE3-492F2A93001F}.Debug|Any CPU.ActiveCfg = Debug|Any CPU
		{B0F44A5D-12CE-4CEE-ADE3-492F2A93001F}.Debug|Any CPU.Build.0 = Debug|Any CPU
		{B0F44A5D-12CE-4CEE-ADE3-492F2A93001F}.Release|Any CPU.ActiveCfg = Release|Any CPU
		{B0F44A5D-12CE-4CEE-ADE3-492F2A93001F}.Release|Any CPU.Build.0 = Release|Any CPU
	EndGlobalSection
	GlobalSection(SolutionProperties) = preSolution
		HideSolutionNode = FALSE
	EndGlobalSection
	GlobalSection(ExtensibilityGlobals) = postSolution
		SolutionGuid = {EDC3C085-79AA-4908-A64A-E33BAE5BC676}
	EndGlobalSection
EndGlobal
