
Microsoft Visual Studio Solution File, Format Version 12.00
# Visual Studio 15
VisualStudioVersion = 15.0.28307.2092
MinimumVisualStudioVersion = 10.0.40219.1
Project("{00D1A9C2-B5F0-4AF3-8072-F6C62B433612}") = "MaVideotheque", "Database3\MaVideotheque.sqlproj", "{C291EC12-D358-4D82-B7A0-4EAE9AC0A756}"
EndProject
Global
	GlobalSection(SolutionConfigurationPlatforms) = preSolution
		Debug|Any CPU = Debug|Any CPU
		Release|Any CPU = Release|Any CPU
	EndGlobalSection
	GlobalSection(ProjectConfigurationPlatforms) = postSolution
		{C291EC12-D358-4D82-B7A0-4EAE9AC0A756}.Debug|Any CPU.ActiveCfg = Debug|Any CPU
		{C291EC12-D358-4D82-B7A0-4EAE9AC0A756}.Debug|Any CPU.Build.0 = Debug|Any CPU
		{C291EC12-D358-4D82-B7A0-4EAE9AC0A756}.Debug|Any CPU.Deploy.0 = Debug|Any CPU
		{C291EC12-D358-4D82-B7A0-4EAE9AC0A756}.Release|Any CPU.ActiveCfg = Release|Any CPU
		{C291EC12-D358-4D82-B7A0-4EAE9AC0A756}.Release|Any CPU.Build.0 = Release|Any CPU
		{C291EC12-D358-4D82-B7A0-4EAE9AC0A756}.Release|Any CPU.Deploy.0 = Release|Any CPU
	EndGlobalSection
	GlobalSection(SolutionProperties) = preSolution
		HideSolutionNode = FALSE
	EndGlobalSection
	GlobalSection(ExtensibilityGlobals) = postSolution
		SolutionGuid = {90231393-E121-4C6E-9BAD-00F1F6728C6D}
	EndGlobalSection
EndGlobal
